github.com/mattn/go-sqlite3 v1.14.28 h1:ThEiQrnbtumT+QMknw63Befp/ce/nUPgBPMlRFEum7A=
github.com/mattn/go-sqlite3 v1.14.28/go.mod h1:Uh1q+B4BYcTPb+yiD3kU8Ct7aC0hY9fxUwlHK0RXw+Y=
github.com/sourcegraph/conc v0.3.0 h1:OQTbbt6P72L20UqAkXXuLOj79LfEanQ+YQFNpLA9ySo=
github.com/sourcegraph/conc v0.3.0/go.mod h1:Sdozi7LEKbFPqYX2/J+iBAM6HpqSLTASQIKqDmF7Mt0=
github.com/xconstruct/go-pushbullet v0.0.0-20171206132031-67759df45fbb h1:m+CPNoRrlFVxLKZeodSyEc9cc1GBWYJutHO/eOByUo8=
github.com/xconstruct/go-pushbullet v0.0.0-20171206132031-67759df45fbb/go.mod h1:OdGNyFi3/K/Fl/3pZu3lAGKMBhTQDl9Lgjn08LSA95Q=
